
Microsoft Visual Studio Solution File, Format Version 12.00
# Visual Studio 15
VisualStudioVersion = 15.0.27703.2035
MinimumVisualStudioVersion = 10.0.40219.1
Project("{FAE04EC0-301F-11D3-BF4B-00C04F79EFBC}") = "YourFinance.API", "YourFinance.API\YourFinance.API.csproj", "{03034AD2-5B1C-4D47-920C-D80ECCF16E1B}"
EndProject
Project("{FAE04EC0-301F-11D3-BF4B-00C04F79EFBC}") = "YourFinance.Authen", "YourFinance.Authen\YourFinance.Authen.csproj", "{2EF9421C-3FFF-427D-B7B8-06678A946123}"
EndProject
Project("{FAE04EC0-301F-11D3-BF4B-00C04F79EFBC}") = "YourFinance.DataModel", "YourFinance.DataModel\YourFinance.DataModel.csproj", "{AEA2A362-1255-444B-B713-DA6056E6395B}"
EndProject
Global
	GlobalSection(SolutionConfigurationPlatforms) = preSolution
		Debug|Any CPU = Debug|Any CPU
		Release|Any CPU = Release|Any CPU
	EndGlobalSection
	GlobalSection(ProjectConfigurationPlatforms) = postSolution
		{03034AD2-5B1C-4D47-920C-D80ECCF16E1B}.Debug|Any CPU.ActiveCfg = Debug|Any CPU
		{03034AD2-5B1C-4D47-920C-D80ECCF16E1B}.Debug|Any CPU.Build.0 = Debug|Any CPU
		{03034AD2-5B1C-4D47-920C-D80ECCF16E1B}.Release|Any CPU.ActiveCfg = Release|Any CPU
		{03034AD2-5B1C-4D47-920C-D80ECCF16E1B}.Release|Any CPU.Build.0 = Release|Any CPU
		{2EF9421C-3FFF-427D-B7B8-06678A946123}.Debug|Any CPU.ActiveCfg = Debug|Any CPU
		{2EF9421C-3FFF-427D-B7B8-06678A946123}.Debug|Any CPU.Build.0 = Debug|Any CPU
		{2EF9421C-3FFF-427D-B7B8-06678A946123}.Release|Any CPU.ActiveCfg = Release|Any CPU
		{2EF9421C-3FFF-427D-B7B8-06678A946123}.Release|Any CPU.Build.0 = Release|Any CPU
		{AEA2A362-1255-444B-B713-DA6056E6395B}.Debug|Any CPU.ActiveCfg = Debug|Any CPU
		{AEA2A362-1255-444B-B713-DA6056E6395B}.Debug|Any CPU.Build.0 = Debug|Any CPU
		{AEA2A362-1255-444B-B713-DA6056E6395B}.Release|Any CPU.ActiveCfg = Release|Any CPU
		{AEA2A362-1255-444B-B713-DA6056E6395B}.Release|Any CPU.Build.0 = Release|Any CPU
	EndGlobalSection
	GlobalSection(SolutionProperties) = preSolution
		HideSolutionNode = FALSE
	EndGlobalSection
	GlobalSection(ExtensibilityGlobals) = postSolution
		SolutionGuid = {A79C07FE-F377-4335-99A3-27B5E85D570C}
	EndGlobalSection
EndGlobal
